
Microsoft Visual Studio Solution File, Format Version 12.00
# Visual Studio Version 17
VisualStudioVersion = 17.5.002.0
MinimumVisualStudioVersion = 10.0.40219.1
Project("{9A19103F-16F7-4668-BE54-9A1E7A4F7556}") = "MangaStore.Service", "MangaStore.Service.csproj", "{740EE8FD-3C72-43D5-BF46-D69E9145D8F8}"
EndProject
Global
	GlobalSection(SolutionConfigurationPlatforms) = preSolution
		Debug|Any CPU = Debug|Any CPU
		Release|Any CPU = Release|Any CPU
	EndGlobalSection
	GlobalSection(ProjectConfigurationPlatforms) = postSolution
		{740EE8FD-3C72-43D5-BF46-D69E9145D8F8}.Debug|Any CPU.ActiveCfg = Debug|Any CPU
		{740EE8FD-3C72-43D5-BF46-D69E9145D8F8}.Debug|Any CPU.Build.0 = Debug|Any CPU
		{740EE8FD-3C72-43D5-BF46-D69E9145D8F8}.Release|Any CPU.ActiveCfg = Release|Any CPU
		{740EE8FD-3C72-43D5-BF46-D69E9145D8F8}.Release|Any CPU.Build.0 = Release|Any CPU
	EndGlobalSection
	GlobalSection(SolutionProperties) = preSolution
		HideSolutionNode = FALSE
	EndGlobalSection
	GlobalSection(ExtensibilityGlobals) = postSolution
		SolutionGuid = {DD8232C7-A13F-4BF1-A6B0-5F00CC4C6CBD}
	EndGlobalSection
EndGlobal
